
Microsoft Visual Studio Solution File, Format Version 12.00
# Visual Studio 15
VisualStudioVersion = 15.0.27428.2015
MinimumVisualStudioVersion = 10.0.40219.1
Project("{FAE04EC0-301F-11D3-BF4B-00C04F79EFBC}") = "TestSmartMeter", "TestSmartMeter\TestSmartMeter.csproj", "{39DF86E0-09E0-4635-95FD-E6526CDAFB5F}"
EndProject
Project("{FAE04EC0-301F-11D3-BF4B-00C04F79EFBC}") = "StepDefinations", "StepDefinations\StepDefinations.csproj", "{D6120A8C-E6D7-4835-AC1D-E1D78C45E08E}"
EndProject
Global
	GlobalSection(SolutionConfigurationPlatforms) = preSolution
		Debug|Any CPU = Debug|Any CPU
		Release|Any CPU = Release|Any CPU
	EndGlobalSection
	GlobalSection(ProjectConfigurationPlatforms) = postSolution
		{39DF86E0-09E0-4635-95FD-E6526CDAFB5F}.Debug|Any CPU.ActiveCfg = Debug|Any CPU
		{39DF86E0-09E0-4635-95FD-E6526CDAFB5F}.Debug|Any CPU.Build.0 = Debug|Any CPU
		{39DF86E0-09E0-4635-95FD-E6526CDAFB5F}.Release|Any CPU.ActiveCfg = Release|Any CPU
		{39DF86E0-09E0-4635-95FD-E6526CDAFB5F}.Release|Any CPU.Build.0 = Release|Any CPU
		{D6120A8C-E6D7-4835-AC1D-E1D78C45E08E}.Debug|Any CPU.ActiveCfg = Debug|Any CPU
		{D6120A8C-E6D7-4835-AC1D-E1D78C45E08E}.Debug|Any CPU.Build.0 = Debug|Any CPU
		{D6120A8C-E6D7-4835-AC1D-E1D78C45E08E}.Release|Any CPU.ActiveCfg = Release|Any CPU
		{D6120A8C-E6D7-4835-AC1D-E1D78C45E08E}.Release|Any CPU.Build.0 = Release|Any CPU
	EndGlobalSection
	GlobalSection(SolutionProperties) = preSolution
		HideSolutionNode = FALSE
	EndGlobalSection
	GlobalSection(ExtensibilityGlobals) = postSolution
		SolutionGuid = {4466EB6C-E7D1-4D8E-8861-16B71E1E3A86}
	EndGlobalSection
EndGlobal
